
Microsoft Visual Studio Solution File, Format Version 12.00
# Visual Studio Version 17
VisualStudioVersion = 17.0.31903.59
MinimumVisualStudioVersion = 10.0.40219.1
Project("{FAE04EC0-301F-11D3-BF4B-00C04F79EFBC}") = "BlazorScreenCapture.Server", "Server\BlazorScreenCapture.Server.csproj", "{6712C3E0-3147-440C-B97A-57E446AA31D8}"
EndProject
Project("{FAE04EC0-301F-11D3-BF4B-00C04F79EFBC}") = "BlazorScreenCapture.Client", "Client\BlazorScreenCapture.Client.csproj", "{9CB2F58C-17CA-48C2-84DF-472F66715F76}"
EndProject
Project("{FAE04EC0-301F-11D3-BF4B-00C04F79EFBC}") = "BlazorScreenCapture.Shared", "Shared\BlazorScreenCapture.Shared.csproj", "{AB1F5F09-13C0-4D78-B99B-472DFA643B14}"
EndProject
Global
	GlobalSection(SolutionConfigurationPlatforms) = preSolution
		Debug|Any CPU = Debug|Any CPU
		Release|Any CPU = Release|Any CPU
	EndGlobalSection
	GlobalSection(ProjectConfigurationPlatforms) = postSolution
		{6712C3E0-3147-440C-B97A-57E446AA31D8}.Debug|Any CPU.ActiveCfg = Debug|Any CPU
		{6712C3E0-3147-440C-B97A-57E446AA31D8}.Debug|Any CPU.Build.0 = Debug|Any CPU
		{6712C3E0-3147-440C-B97A-57E446AA31D8}.Release|Any CPU.ActiveCfg = Release|Any CPU
		{6712C3E0-3147-440C-B97A-57E446AA31D8}.Release|Any CPU.Build.0 = Release|Any CPU
		{9CB2F58C-17CA-48C2-84DF-472F66715F76}.Debug|Any CPU.ActiveCfg = Debug|Any CPU
		{9CB2F58C-17CA-48C2-84DF-472F66715F76}.Debug|Any CPU.Build.0 = Debug|Any CPU
		{9CB2F58C-17CA-48C2-84DF-472F66715F76}.Release|Any CPU.ActiveCfg = Release|Any CPU
		{9CB2F58C-17CA-48C2-84DF-472F66715F76}.Release|Any CPU.Build.0 = Release|Any CPU
		{AB1F5F09-13C0-4D78-B99B-472DFA643B14}.Debug|Any CPU.ActiveCfg = Debug|Any CPU
		{AB1F5F09-13C0-4D78-B99B-472DFA643B14}.Debug|Any CPU.Build.0 = Debug|Any CPU
		{AB1F5F09-13C0-4D78-B99B-472DFA643B14}.Release|Any CPU.ActiveCfg = Release|Any CPU
		{AB1F5F09-13C0-4D78-B99B-472DFA643B14}.Release|Any CPU.Build.0 = Release|Any CPU
	EndGlobalSection
	GlobalSection(SolutionProperties) = preSolution
		HideSolutionNode = FALSE
	EndGlobalSection
	GlobalSection(ExtensibilityGlobals) = postSolution
		SolutionGuid = {820D622C-7198-4954-B4E2-051E3B6E864F}
	EndGlobalSection
EndGlobal
